// !$*UTF8*$!
{
	archiveVersion = 1;
	classes = {
	};
	objectVersion = 46;
	objects = {

/* Begin PBXBuildFile section */
		593A6C301E6551D000986BA5 /* AppDelegate.swift in Sources */ = {isa = PBXBuildFile; fileRef = 593A6C2F1E6551D000986BA5 /* AppDelegate.swift */; };
		593A6C321E6551D000986BA5 /* CollectionViewController.swift in Sources */ = {isa = PBXBuildFile; fileRef = 593A6C311E6551D000986BA5 /* CollectionViewController.swift */; };
		593A6C351E6551D000986BA5 /* Main.storyboard in Resources */ = {isa = PBXBuildFile; fileRef = 593A6C331E6551D000986BA5 /* Main.storyboard */; };
		593A6C371E6551D000986BA5 /* Assets.xcassets in Resources */ = {isa = PBXBuildFile; fileRef = 593A6C361E6551D000986BA5 /* Assets.xcassets */; };
		593A6C3A1E6551D000986BA5 /* LaunchScreen.storyboard in Resources */ = {isa = PBXBuildFile; fileRef = 593A6C381E6551D000986BA5 /* LaunchScreen.storyboard */; };
		593A6C5B1E65603100986BA5 /* 10_of_clubs.png in Resources */ = {isa = PBXBuildFile; fileRef = 593A6C441E65603100986BA5 /* 10_of_clubs.png */; };
		593A6C5C1E65603100986BA5 /* 3_of_clubs.png in Resources */ = {isa = PBXBuildFile; fileRef = 593A6C451E65603100986BA5 /* 3_of_clubs.png */; };
		593A6C5D1E65603100986BA5 /* 4_of_clubs.png in Resources */ = {isa = PBXBuildFile; fileRef = 593A6C461E65603100986BA5 /* 4_of_clubs.png */; };
		593A6C5E1E65603100986BA5 /* 7_of_clubs.png in Resources */ = {isa = PBXBuildFile; fileRef = 593A6C471E65603100986BA5 /* 7_of_clubs.png */; };
		593A6C5F1E65603100986BA5 /* 8_of_clubs.png in Resources */ = {isa = PBXBuildFile; fileRef = 593A6C481E65603100986BA5 /* 8_of_clubs.png */; };
		593A6C601E65603100986BA5 /* queen_of_clubs.png in Resources */ = {isa = PBXBuildFile; fileRef = 593A6C491E65603100986BA5 /* queen_of_clubs.png */; };
		593A6C611E65603100986BA5 /* 10_of_diamonds.png in Resources */ = {isa = PBXBuildFile; fileRef = 593A6C4B1E65603100986BA5 /* 10_of_diamonds.png */; };
		593A6C621E65603100986BA5 /* 6_of_diamonds.png in Resources */ = {isa = PBXBuildFile; fileRef = 593A6C4C1E65603100986BA5 /* 6_of_diamonds.png */; };
		593A6C631E65603100986BA5 /* 8_of_diamonds.png in Resources */ = {isa = PBXBuildFile; fileRef = 593A6C4D1E65603100986BA5 /* 8_of_diamonds.png */; };
		593A6C641E65603100986BA5 /* ace_of_diamonds.png in Resources */ = {isa = PBXBuildFile; fileRef = 593A6C4E1E65603100986BA5 /* ace_of_diamonds.png */; };
		593A6C651E65603100986BA5 /* jack_of_diamonds.png in Resources */ = {isa = PBXBuildFile; fileRef = 593A6C4F1E65603100986BA5 /* jack_of_diamonds.png */; };
		593A6C661E65603100986BA5 /* queen_of_diamonds.png in Resources */ = {isa = PBXBuildFile; fileRef = 593A6C501E65603100986BA5 /* queen_of_diamonds.png */; };
		593A6C671E65603100986BA5 /* 9_of_hearts.png in Resources */ = {isa = PBXBuildFile; fileRef = 593A6C521E65603100986BA5 /* 9_of_hearts.png */; };
		593A6C681E65603100986BA5 /* ace_of_hearts.png in Resources */ = {isa = PBXBuildFile; fileRef = 593A6C531E65603100986BA5 /* ace_of_hearts.png */; };
		593A6C691E65603100986BA5 /* queen_of_hearts.png in Resources */ = {isa = PBXBuildFile; fileRef = 593A6C541E65603100986BA5 /* queen_of_hearts.png */; };
		593A6C6A1E65603100986BA5 /* 4_of_spades.png in Resources */ = {isa = PBXBuildFile; fileRef = 593A6C571E65603100986BA5 /* 4_of_spades.png */; };
		593A6C6B1E65603100986BA5 /* 6_of_spades.png in Resources */ = {isa = PBXBuildFile; fileRef = 593A6C581E65603100986BA5 /* 6_of_spades.png */; };
		593A6C6C1E65603100986BA5 /* 7_of_spades.png in Resources */ = {isa = PBXBuildFile; fileRef = 593A6C591E65603100986BA5 /* 7_of_spades.png */; };
		593A6C6D1E65603100986BA5 /* king_of_spades.png in Resources */ = {isa = PBXBuildFile; fileRef = 593A6C5A1E65603100986BA5 /* king_of_spades.png */; };
		593A6C6F1E65713A00986BA5 /* cards.json in Resources */ = {isa = PBXBuildFile; fileRef = 593A6C6E1E65713A00986BA5 /* cards.json */; };
		593A6C731E65A6CE00986BA5 /* CollectionViewCell.xib in Resources */ = {isa = PBXBuildFile; fileRef = 593A6C721E65A6CE00986BA5 /* CollectionViewCell.xib */; };
/* End PBXBuildFile section */

/* Begin PBXFileReference section */
		593A6C2C1E6551D000986BA5 /* ch3-simple-collection-view.app */ = {isa = PBXFileReference; explicitFileType = wrapper.application; includeInIndex = 0; path = "ch3-simple-collection-view.app"; sourceTree = BUILT_PRODUCTS_DIR; };
		593A6C2F1E6551D000986BA5 /* AppDelegate.swift */ = {isa = PBXFileReference; lastKnownFileType = sourcecode.swift; path = AppDelegate.swift; sourceTree = "<group>"; };
		593A6C311E6551D000986BA5 /* CollectionViewController.swift */ = {isa = PBXFileReference; lastKnownFileType = sourcecode.swift; path = CollectionViewController.swift; sourceTree = "<group>"; };
		593A6C341E6551D000986BA5 /* Base */ = {isa = PBXFileReference; lastKnownFileType = file.storyboard; name = Base; path = Base.lproj/Main.storyboard; sourceTree = "<group>"; };
		593A6C361E6551D000986BA5 /* Assets.xcassets */ = {isa = PBXFileReference; lastKnownFileType = folder.assetcatalog; path = Assets.xcassets; sourceTree = "<group>"; };
		593A6C391E6551D000986BA5 /* Base */ = {isa = PBXFileReference; lastKnownFileType = file.storyboard; name = Base; path = Base.lproj/LaunchScreen.storyboard; sourceTree = "<group>"; };
		593A6C3B1E6551D000986BA5 /* Info.plist */ = {isa = PBXFileReference; lastKnownFileType = text.plist.xml; path = Info.plist; sourceTree = "<group>"; };
		593A6C441E65603100986BA5 /* 10_of_clubs.png */ = {isa = PBXFileReference; lastKnownFileType = image.png; path = 10_of_clubs.png; sourceTree = "<group>"; };
		593A6C451E65603100986BA5 /* 3_of_clubs.png */ = {isa = PBXFileReference; lastKnownFileType = image.png; path = 3_of_clubs.png; sourceTree = "<group>"; };
		593A6C461E65603100986BA5 /* 4_of_clubs.png */ = {isa = PBXFileReference; lastKnownFileType = image.png; path = 4_of_clubs.png; sourceTree = "<group>"; };
		593A6C471E65603100986BA5 /* 7_of_clubs.png */ = {isa = PBXFileReference; lastKnownFileType = image.png; path = 7_of_clubs.png; sourceTree = "<group>"; };
		593A6C481E65603100986BA5 /* 8_of_clubs.png */ = {isa = PBXFileReference; lastKnownFileType = image.png; path = 8_of_clubs.png; sourceTree = "<group>"; };
		593A6C491E65603100986BA5 /* queen_of_clubs.png */ = {isa = PBXFileReference; lastKnownFileType = image.png; path = queen_of_clubs.png; sourceTree = "<group>"; };
		593A6C4B1E65603100986BA5 /* 10_of_diamonds.png */ = {isa = PBXFileReference; lastKnownFileType = image.png; path = 10_of_diamonds.png; sourceTree = "<group>"; };
		593A6C4C1E65603100986BA5 /* 6_of_diamonds.png */ = {isa = PBXFileReference; lastKnownFileType = image.png; path = 6_of_diamonds.png; sourceTree = "<group>"; };
		593A6C4D1E65603100986BA5 /* 8_of_diamonds.png */ = {isa = PBXFileReference; lastKnownFileType = image.png; path = 8_of_diamonds.png; sourceTree = "<group>"; };
		593A6C4E1E65603100986BA5 /* ace_of_diamonds.png */ = {isa = PBXFileReference; lastKnownFileType = image.png; path = ace_of_diamonds.png; sourceTree = "<group>"; };
		593A6C4F1E65603100986BA5 /* jack_of_diamonds.png */ = {isa = PBXFileReference; lastKnownFileType = image.png; path = jack_of_diamonds.png; sourceTree = "<group>"; };
		593A6C501E65603100986BA5 /* queen_of_diamonds.png */ = {isa = PBXFileReference; lastKnownFileType = image.png; path = queen_of_diamonds.png; sourceTree = "<group>"; };
		593A6C521E65603100986BA5 /* 9_of_hearts.png */ = {isa = PBXFileReference; lastKnownFileType = image.png; path = 9_of_hearts.png; sourceTree = "<group>"; };
		593A6C531E65603100986BA5 /* ace_of_hearts.png */ = {isa = PBXFileReference; lastKnownFileType = image.png; path = ace_of_hearts.png; sourceTree = "<group>"; };
		593A6C541E65603100986BA5 /* queen_of_hearts.png */ = {isa = PBXFileReference; lastKnownFileType = image.png; path = queen_of_hearts.png; sourceTree = "<group>"; };
		593A6C571E65603100986BA5 /* 4_of_spades.png */ = {isa = PBXFileReference; lastKnownFileType = image.png; path = 4_of_spades.png; sourceTree = "<group>"; };
		593A6C581E65603100986BA5 /* 6_of_spades.png */ = {isa = PBXFileReference; lastKnownFileType = image.png; path = 6_of_spades.png; sourceTree = "<group>"; };
		593A6C591E65603100986BA5 /* 7_of_spades.png */ = {isa = PBXFileReference; lastKnownFileType = image.png; path = 7_of_spades.png; sourceTree = "<group>"; };
		593A6C5A1E65603100986BA5 /* king_of_spades.png */ = {isa = PBXFileReference; lastKnownFileType = image.png; path = king_of_spades.png; sourceTree = "<group>"; };
		593A6C6E1E65713A00986BA5 /* cards.json */ = {isa = PBXFileReference; fileEncoding = 4; lastKnownFileType = text.json; path = cards.json; sourceTree = "<group>"; };
		593A6C721E65A6CE00986BA5 /* CollectionViewCell.xib */ = {isa = PBXFileReference; fileEncoding = 4; lastKnownFileType = file.xib; name = CollectionViewCell.xib; path = ../CollectionViewCell.xib; sourceTree = "<group>"; };
/* End PBXFileReference section */

/* Begin PBXFrameworksBuildPhase section */
		593A6C291E6551CF00986BA5 /* Frameworks */ = {
			isa = PBXFrameworksBuildPhase;
			buildActionMask = 2147483647;
			files = (
			);
			runOnlyForDeploymentPostprocessing = 0;
		};
/* End PBXFrameworksBuildPhase section */

/* Begin PBXGroup section */
		593A6C231E6551CF00986BA5 = {
			isa = PBXGroup;
			children = (
				593A6C2E1E6551D000986BA5 /* ch3-simple-collection-view */,
				593A6C2D1E6551D000986BA5 /* Products */,
			);
			sourceTree = "<group>";
		};
		593A6C2D1E6551D000986BA5 /* Products */ = {
			isa = PBXGroup;
			children = (
				593A6C2C1E6551D000986BA5 /* ch3-simple-collection-view.app */,
			);
			name = Products;
			sourceTree = "<group>";
		};
		593A6C2E1E6551D000986BA5 /* ch3-simple-collection-view */ = {
			isa = PBXGroup;
			children = (
				593A6C6E1E65713A00986BA5 /* cards.json */,
				593A6C311E6551D000986BA5 /* CollectionViewController.swift */,
				593A6C721E65A6CE00986BA5 /* CollectionViewCell.xib */,
				593A6C331E6551D000986BA5 /* Main.storyboard */,
				593A6C421E65603100986BA5 /* cards */,
				593A6C411E6551EA00986BA5 /* Supporting Files */,
			);
			path = "ch3-simple-collection-view";
			sourceTree = "<group>";
		};
		593A6C411E6551EA00986BA5 /* Supporting Files */ = {
			isa = PBXGroup;
			children = (
				593A6C2F1E6551D000986BA5 /* AppDelegate.swift */,
				593A6C361E6551D000986BA5 /* Assets.xcassets */,
				593A6C381E6551D000986BA5 /* LaunchScreen.storyboard */,
				593A6C3B1E6551D000986BA5 /* Info.plist */,
			);
			name = "Supporting Files";
			sourceTree = "<group>";
		};
		593A6C421E65603100986BA5 /* cards */ = {
			isa = PBXGroup;
			children = (
				593A6C431E65603100986BA5 /* clubs */,
				593A6C4A1E65603100986BA5 /* diamonds */,
				593A6C511E65603100986BA5 /* hearts */,
				593A6C551E65603100986BA5 /* jokers */,
				593A6C561E65603100986BA5 /* spades */,
			);
			path = cards;
			sourceTree = "<group>";
		};
		593A6C431E65603100986BA5 /* clubs */ = {
			isa = PBXGroup;
			children = (
				593A6C441E65603100986BA5 /* 10_of_clubs.png */,
				593A6C451E65603100986BA5 /* 3_of_clubs.png */,
				593A6C461E65603100986BA5 /* 4_of_clubs.png */,
				593A6C471E65603100986BA5 /* 7_of_clubs.png */,
				593A6C481E65603100986BA5 /* 8_of_clubs.png */,
				593A6C491E65603100986BA5 /* queen_of_clubs.png */,
			);
			path = clubs;
			sourceTree = "<group>";
		};
		593A6C4A1E65603100986BA5 /* diamonds */ = {
			isa = PBXGroup;
			children = (
				593A6C4B1E65603100986BA5 /* 10_of_diamonds.png */,
				593A6C4C1E65603100986BA5 /* 6_of_diamonds.png */,
				593A6C4D1E65603100986BA5 /* 8_of_diamonds.png */,
				593A6C4E1E65603100986BA5 /* ace_of_diamonds.png */,
				593A6C4F1E65603100986BA5 /* jack_of_diamonds.png */,
				593A6C501E65603100986BA5 /* queen_of_diamonds.png */,
			);
			path = diamonds;
			sourceTree = "<group>";
		};
		593A6C511E65603100986BA5 /* hearts */ = {
			isa = PBXGroup;
			children = (
				593A6C521E65603100986BA5 /* 9_of_hearts.png */,
				593A6C531E65603100986BA5 /* ace_of_hearts.png */,
				593A6C541E65603100986BA5 /* queen_of_hearts.png */,
			);
			path = hearts;
			sourceTree = "<group>";
		};
		593A6C551E65603100986BA5 /* jokers */ = {
			isa = PBXGroup;
			children = (
			);
			path = jokers;
			sourceTree = "<group>";
		};
		593A6C561E65603100986BA5 /* spades */ = {
			isa = PBXGroup;
			children = (
				593A6C571E65603100986BA5 /* 4_of_spades.png */,
				593A6C581E65603100986BA5 /* 6_of_spades.png */,
				593A6C591E65603100986BA5 /* 7_of_spades.png */,
				593A6C5A1E65603100986BA5 /* king_of_spades.png */,
			);
			path = spades;
			sourceTree = "<group>";
		};
/* End PBXGroup section */

/* Begin PBXNativeTarget section */
		593A6C2B1E6551CF00986BA5 /* ch3-simple-collection-view */ = {
			isa = PBXNativeTarget;
			buildConfigurationList = 593A6C3E1E6551D000986BA5 /* Build configuration list for PBXNativeTarget "ch3-simple-collection-view" */;
			buildPhases = (
				593A6C281E6551CF00986BA5 /* Sources */,
				593A6C291E6551CF00986BA5 /* Frameworks */,
				593A6C2A1E6551CF00986BA5 /* Resources */,
			);
			buildRules = (
			);
			dependencies = (
			);
			name = "ch3-simple-collection-view";
			productName = "ch3-simple-collection-view";
			productReference = 593A6C2C1E6551D000986BA5 /* ch3-simple-collection-view.app */;
			productType = "com.apple.product-type.application";
		};
/* End PBXNativeTarget section */

/* Begin PBXProject section */
		593A6C241E6551CF00986BA5 /* Project object */ = {
			isa = PBXProject;
			attributes = {
				LastSwiftUpdateCheck = 0820;
				LastUpgradeCheck = 0820;
				ORGANIZATIONNAME = "Heng-Hao";
				TargetAttributes = {
					593A6C2B1E6551CF00986BA5 = {
						CreatedOnToolsVersion = 8.2.1;
						DevelopmentTeam = Q39X7FE7ZM;
						ProvisioningStyle = Automatic;
					};
				};
			};
			buildConfigurationList = 593A6C271E6551CF00986BA5 /* Build configuration list for PBXProject "ch3-simple-collection-view" */;
			compatibilityVersion = "Xcode 3.2";
			developmentRegion = English;
			hasScannedForEncodings = 0;
			knownRegions = (
				en,
				Base,
			);
			mainGroup = 593A6C231E6551CF00986BA5;
			productRefGroup = 593A6C2D1E6551D000986BA5 /* Products */;
			projectDirPath = "";
			projectRoot = "";
			targets = (
				593A6C2B1E6551CF00986BA5 /* ch3-simple-collection-view */,
			);
		};
/* End PBXProject section */

/* Begin PBXResourcesBuildPhase section */
		593A6C2A1E6551CF00986BA5 /* Resources */ = {
			isa = PBXResourcesBuildPhase;
			buildActionMask = 2147483647;
			files = (
				593A6C631E65603100986BA5 /* 8_of_diamonds.png in Resources */,
				593A6C671E65603100986BA5 /* 9_of_hearts.png in Resources */,
				593A6C3A1E6551D000986BA5 /* LaunchScreen.storyboard in Resources */,
				593A6C651E65603100986BA5 /* jack_of_diamonds.png in Resources */,
				593A6C5D1E65603100986BA5 /* 4_of_clubs.png in Resources */,
				593A6C6D1E65603100986BA5 /* king_of_spades.png in Resources */,
				593A6C6B1E65603100986BA5 /* 6_of_spades.png in Resources */,
				593A6C611E65603100986BA5 /* 10_of_diamonds.png in Resources */,
				593A6C621E65603100986BA5 /* 6_of_diamonds.png in Resources */,
				593A6C6C1E65603100986BA5 /* 7_of_spades.png in Resources */,
				593A6C661E65603100986BA5 /* queen_of_diamonds.png in Resources */,
				593A6C5B1E65603100986BA5 /* 10_of_clubs.png in Resources */,
				593A6C371E6551D000986BA5 /* Assets.xcassets in Resources */,
				593A6C6F1E65713A00986BA5 /* cards.json in Resources */,
				593A6C731E65A6CE00986BA5 /* CollectionViewCell.xib in Resources */,
				593A6C691E65603100986BA5 /* queen_of_hearts.png in Resources */,
				593A6C351E6551D000986BA5 /* Main.storyboard in Resources */,
				593A6C5C1E65603100986BA5 /* 3_of_clubs.png in Resources */,
				593A6C6A1E65603100986BA5 /* 4_of_spades.png in Resources */,
				593A6C641E65603100986BA5 /* ace_of_diamonds.png in Resources */,
				593A6C681E65603100986BA5 /* ace_of_hearts.png in Resources */,
				593A6C601E65603100986BA5 /* queen_of_clubs.png in Resources */,
				593A6C5E1E65603100986BA5 /* 7_of_clubs.png in Resources */,
				593A6C5F1E65603100986BA5 /* 8_of_clubs.png in Resources */,
			);
			runOnlyForDeploymentPostprocessing = 0;
		};
/* End PBXResourcesBuildPhase section */

/* Begin PBXSourcesBuildPhase section */
		593A6C281E6551CF00986BA5 /* Sources */ = {
			isa = PBXSourcesBuildPhase;
			buildActionMask = 2147483647;
			files = (
				593A6C321E6551D000986BA5 /* CollectionViewController.swift in Sources */,
				593A6C301E6551D000986BA5 /* AppDelegate.swift in Sources */,
			);
			runOnlyForDeploymentPostprocessing = 0;
		};
/* End PBXSourcesBuildPhase section */

/* Begin PBXVariantGroup section */
		593A6C331E6551D000986BA5 /* Main.storyboard */ = {
			isa = PBXVariantGroup;
			children = (
				593A6C341E6551D000986BA5 /* Base */,
			);
			name = Main.storyboard;
			sourceTree = "<group>";
		};
		593A6C381E6551D000986BA5 /* LaunchScreen.storyboard */ = {
			isa = PBXVariantGroup;
			children = (
				593A6C391E6551D000986BA5 /* Base */,
			);
			name = LaunchScreen.storyboard;
			sourceTree = "<group>";
		};
/* End PBXVariantGroup section */

/* Begin XCBuildConfiguration section */
		593A6C3C1E6551D000986BA5 /* Debug */ = {
			isa = XCBuildConfiguration;
			buildSettings = {
				ALWAYS_SEARCH_USER_PATHS = NO;
				CLANG_ANALYZER_NONNULL = YES;
				CLANG_CXX_LANGUAGE_STANDARD = "gnu++0x";
				CLANG_CXX_LIBRARY = "libc++";
				CLANG_ENABLE_MODULES = YES;
				CLANG_ENABLE_OBJC_ARC = YES;
				CLANG_WARN_BOOL_CONVERSION = YES;
				CLANG_WARN_CONSTANT_CONVERSION = YES;
				CLANG_WARN_DIRECT_OBJC_ISA_USAGE = YES_ERROR;
				CLANG_WARN_DOCUMENTATION_COMMENTS = YES;
				CLANG_WARN_EMPTY_BODY = YES;
				CLANG_WARN_ENUM_CONVERSION = YES;
				CLANG_WARN_INFINITE_RECURSION = YES;
				CLANG_WARN_INT_CONVERSION = YES;
				CLANG_WARN_OBJC_ROOT_CLASS = YES_ERROR;
				CLANG_WARN_SUSPICIOUS_MOVE = YES;
				CLANG_WARN_UNREACHABLE_CODE = YES;
				CLANG_WARN__DUPLICATE_METHOD_MATCH = YES;
				"CODE_SIGN_IDENTITY[sdk=iphoneos*]" = "iPhone Developer";
				COPY_PHASE_STRIP = NO;
				DEBUG_INFORMATION_FORMAT = dwarf;
				ENABLE_STRICT_OBJC_MSGSEND = YES;
				ENABLE_TESTABILITY = YES;
				GCC_C_LANGUAGE_STANDARD = gnu99;
				GCC_DYNAMIC_NO_PIC = NO;
				GCC_NO_COMMON_BLOCKS = YES;
				GCC_OPTIMIZATION_LEVEL = 0;
				GCC_PREPROCESSOR_DEFINITIONS = (
					"DEBUG=1",
					"$(inherited)",
				);
				GCC_WARN_64_TO_32_BIT_CONVERSION = YES;
				GCC_WARN_ABOUT_RETURN_TYPE = YES_ERROR;
				GCC_WARN_UNDECLARED_SELECTOR = YES;
				GCC_WARN_UNINITIALIZED_AUTOS = YES_AGGRESSIVE;
				GCC_WARN_UNUSED_FUNCTION = YES;
				GCC_WARN_UNUSED_VARIABLE = YES;
				IPHONEOS_DEPLOYMENT_TARGET = 10.2;
				MTL_ENABLE_DEBUG_INFO = YES;
				ONLY_ACTIVE_ARCH = YES;
				SDKROOT = iphoneos;
				SWIFT_ACTIVE_COMPILATION_CONDITIONS = DEBUG;
				SWIFT_OPTIMIZATION_LEVEL = "-Onone";
				TARGETED_DEVICE_FAMILY = "1,2";
			};
			name = Debug;
		};
		593A6C3D1E6551D000986BA5 /* Release */ = {
			isa = XCBuildConfiguration;
			buildSettings = {
				ALWAYS_SEARCH_USER_PATHS = NO;
				CLANG_ANALYZER_NONNULL = YES;
				CLANG_CXX_LANGUAGE_STANDARD = "gnu++0x";
				CLANG_CXX_LIBRARY = "libc++";
				CLANG_ENABLE_MODULES = YES;
				CLANG_ENABLE_OBJC_ARC = YES;
				CLANG_WARN_BOOL_CONVERSION = YES;
				CLANG_WARN_CONSTANT_CONVERSION = YES;
				CLANG_WARN_DIRECT_OBJC_ISA_USAGE = YES_ERROR;
				CLANG_WARN_DOCUMENTATION_COMMENTS = YES;
				CLANG_WARN_EMPTY_BODY = YES;
				CLANG_WARN_ENUM_CONVERSION = YES;
				CLANG_WARN_INFINITE_RECURSION = YES;
				CLANG_WARN_INT_CONVERSION = YES;
				CLANG_WARN_OBJC_ROOT_CLASS = YES_ERROR;
				CLANG_WARN_SUSPICIOUS_MOVE = YES;
				CLANG_WARN_UNREACHABLE_CODE = YES;
				CLANG_WARN__DUPLICATE_METHOD_MATCH = YES;
				"CODE_SIGN_IDENTITY[sdk=iphoneos*]" = "iPhone Developer";
				COPY_PHASE_STRIP = NO;
				DEBUG_INFORMATION_FORMAT = "dwarf-with-dsym";
				ENABLE_NS_ASSERTIONS = NO;
				ENABLE_STRICT_OBJC_MSGSEND = YES;
				GCC_C_LANGUAGE_STANDARD = gnu99;
				GCC_NO_COMMON_BLOCKS = YES;
				GCC_WARN_64_TO_32_BIT_CONVERSION = YES;
				GCC_WARN_ABOUT_RETURN_TYPE = YES_ERROR;
				GCC_WARN_UNDECLARED_SELECTOR = YES;
				GCC_WARN_UNINITIALIZED_AUTOS = YES_AGGRESSIVE;
				GCC_WARN_UNUSED_FUNCTION = YES;
				GCC_WARN_UNUSED_VARIABLE = YES;
				IPHONEOS_DEPLOYMENT_TARGET = 10.2;
				MTL_ENABLE_DEBUG_INFO = NO;
				SDKROOT = iphoneos;
				SWIFT_OPTIMIZATION_LEVEL = "-Owholemodule";
				TARGETED_DEVICE_FAMILY = "1,2";
				VALIDATE_PRODUCT = YES;
			};
			name = Release;
		};
		593A6C3F1E6551D000986BA5 /* Debug */ = {
			isa = XCBuildConfiguration;
			buildSettings = {
				ASSETCATALOG_COMPILER_APPICON_NAME = AppIcon;
				DEVELOPMENT_TEAM = Q39X7FE7ZM;
				INFOPLIST_FILE = "ch3-simple-collection-view/Info.plist";
				LD_RUNPATH_SEARCH_PATHS = "$(inherited) @executable_path/Frameworks";
				PRODUCT_BUNDLE_IDENTIFIER = "henghao.ch3-simple-collection-view";
				PRODUCT_NAME = "$(TARGET_NAME)";
				SWIFT_VERSION = 3.0;
			};
			name = Debug;
		};
		593A6C401E6551D000986BA5 /* Release */ = {
			isa = XCBuildConfiguration;
			buildSettings = {
				ASSETCATALOG_COMPILER_APPICON_NAME = AppIcon;
				DEVELOPMENT_TEAM = Q39X7FE7ZM;
				INFOPLIST_FILE = "ch3-simple-collection-view/Info.plist";
				LD_RUNPATH_SEARCH_PATHS = "$(inherited) @executable_path/Frameworks";
				PRODUCT_BUNDLE_IDENTIFIER = "henghao.ch3-simple-collection-view";
				PRODUCT_NAME = "$(TARGET_NAME)";
				SWIFT_VERSION = 3.0;
			};
			name = Release;
		};
/* End XCBuildConfiguration section */

/* Begin XCConfigurationList section */
		593A6C271E6551CF00986BA5 /* Build configuration list for PBXProject "ch3-simple-collection-view" */ = {
			isa = XCConfigurationList;
			buildConfigurations = (
				593A6C3C1E6551D000986BA5 /* Debug */,
				593A6C3D1E6551D000986BA5 /* Release */,
			);
			defaultConfigurationIsVisible = 0;
			defaultConfigurationName = Release;
		};
		593A6C3E1E6551D000986BA5 /* Build configuration list for PBXNativeTarget "ch3-simple-collection-view" */ = {
			isa = XCConfigurationList;
			buildConfigurations = (
				593A6C3F1E6551D000986BA5 /* Debug */,
				593A6C401E6551D000986BA5 /* Release */,
			);
			defaultConfigurationIsVisible = 0;
		};
/* End XCConfigurationList section */
	};
	rootObject = 593A6C241E6551CF00986BA5 /* Project object */;
}
